
Microsoft Visual Studio Solution File, Format Version 12.00
# Visual Studio Version 16
VisualStudioVersion = 16.0.808.7
MinimumVisualStudioVersion = 10.0.40219.1
Project("{FAE04EC0-301F-11D3-BF4B-00C04F79EFBC}") = "ThreeStackIntoSingleArray", "ThreeStackIntoSingleArray\ThreeStackIntoSingleArray.csproj", "{78D75647-BD0C-4095-9233-5962B3E51D11}"
EndProject
Global
	GlobalSection(SolutionConfigurationPlatforms) = preSolution
		Debug|Any CPU = Debug|Any CPU
		Release|Any CPU = Release|Any CPU
	EndGlobalSection
	GlobalSection(ProjectConfigurationPlatforms) = postSolution
		{78D75647-BD0C-4095-9233-5962B3E51D11}.Debug|Any CPU.ActiveCfg = Debug|Any CPU
		{78D75647-BD0C-4095-9233-5962B3E51D11}.Debug|Any CPU.Build.0 = Debug|Any CPU
		{78D75647-BD0C-4095-9233-5962B3E51D11}.Release|Any CPU.ActiveCfg = Release|Any CPU
		{78D75647-BD0C-4095-9233-5962B3E51D11}.Release|Any CPU.Build.0 = Release|Any CPU
	EndGlobalSection
	GlobalSection(SolutionProperties) = preSolution
		HideSolutionNode = FALSE
	EndGlobalSection
	GlobalSection(ExtensibilityGlobals) = postSolution
		SolutionGuid = {95BC1C96-C182-4524-BD32-45E4C28A6950}
	EndGlobalSection
EndGlobal
